
Microsoft Visual Studio Solution File, Format Version 12.00
# Visual Studio Version 17
VisualStudioVersion = 17.5.33530.505
MinimumVisualStudioVersion = 10.0.40219.1
Project("{FAE04EC0-301F-11D3-BF4B-00C04F79EFBC}") = "FindMaximumProblem", "FindMaximumProblem\FindMaximumProblem.csproj", "{CDF22278-0A7E-4327-8DB3-991ECE0D304F}"
EndProject
Global
	GlobalSection(SolutionConfigurationPlatforms) = preSolution
		Debug|Any CPU = Debug|Any CPU
		Release|Any CPU = Release|Any CPU
	EndGlobalSection
	GlobalSection(ProjectConfigurationPlatforms) = postSolution
		{CDF22278-0A7E-4327-8DB3-991ECE0D304F}.Debug|Any CPU.ActiveCfg = Debug|Any CPU
		{CDF22278-0A7E-4327-8DB3-991ECE0D304F}.Debug|Any CPU.Build.0 = Debug|Any CPU
		{CDF22278-0A7E-4327-8DB3-991ECE0D304F}.Release|Any CPU.ActiveCfg = Release|Any CPU
		{CDF22278-0A7E-4327-8DB3-991ECE0D304F}.Release|Any CPU.Build.0 = Release|Any CPU
	EndGlobalSection
	GlobalSection(SolutionProperties) = preSolution
		HideSolutionNode = FALSE
	EndGlobalSection
	GlobalSection(ExtensibilityGlobals) = postSolution
		SolutionGuid = {FC699828-1541-45BB-AB78-A624FB11532A}
	EndGlobalSection
EndGlobal
